
Microsoft Visual Studio Solution File, Format Version 12.00
# Visual Studio Version 16
VisualStudioVersion = 16.0.30002.166
MinimumVisualStudioVersion = 10.0.40219.1
Project("{FAE04EC0-301F-11D3-BF4B-00C04F79EFBC}") = "Excel", "Excel\Excel.csproj", "{DC694E2B-A0F2-4EBA-AC2B-449ADAD7F034}"
EndProject
Project("{FAE04EC0-301F-11D3-BF4B-00C04F79EFBC}") = "CountriesJson", "CountriesJson\CountriesJson.csproj", "{93CC0E83-EC53-4764-B375-2ADC9EDAA890}"
EndProject
Project("{2150E333-8FDC-42A3-9474-1A3956D46DE8}") = "Unit-tests", "Unit-tests", "{E91F6CFD-8FA0-4D20-BB84-C859B0EB3B40}"
EndProject
Project("{FAE04EC0-301F-11D3-BF4B-00C04F79EFBC}") = "Vectors", "Vectors\Vectors.csproj", "{D0AFB82E-8358-4C83-908B-4EDD8B501D92}"
EndProject
Project("{FAE04EC0-301F-11D3-BF4B-00C04F79EFBC}") = "VectorsTest", "VectorsTest\VectorsTest.csproj", "{72F49821-3FD1-4BF6-8E40-1F9AF349E894}"
EndProject
Project("{FAE04EC0-301F-11D3-BF4B-00C04F79EFBC}") = "Logger", "Logger\Logger.csproj", "{A81ACE63-918B-4FB0-83EF-5775BE4F4ADC}"
EndProject
Project("{FAE04EC0-301F-11D3-BF4B-00C04F79EFBC}") = "Shop", "Shop\Shop.csproj", "{DA26DA31-2D00-460D-94A2-3C5788DA147A}"
EndProject
Project("{9A19103F-16F7-4668-BE54-9A1E7A4F7556}") = "ShopEF", "ShopEF\ShopEF.csproj", "{2062E966-39EF-49F6-BAF8-ACB6243C72F2}"
EndProject
Project("{FAE04EC0-301F-11D3-BF4B-00C04F79EFBC}") = "Transactions", "Transactions\Transactions.csproj", "{516FB52B-2D09-40E7-A45A-2C8705DB8784}"
EndProject
Project("{2150E333-8FDC-42A3-9474-1A3956D46DE8}") = "ShopMigrations", "ShopMigrations", "{E131FECB-BDA9-44C4-A00D-6EEE473EBC36}"
EndProject
Project("{9A19103F-16F7-4668-BE54-9A1E7A4F7556}") = "ShopMigration", "ShopMigration\ShopMigration.csproj", "{773DDD80-C82E-41DA-901E-4E702E948F51}"
EndProject
Project("{9A19103F-16F7-4668-BE54-9A1E7A4F7556}") = "ShopMigration.DataAccess", "ShopMigration.DataAccess\ShopMigration.DataAccess.csproj", "{45842CD6-2733-4F6A-896F-937F12403EA5}"
EndProject
Project("{9A19103F-16F7-4668-BE54-9A1E7A4F7556}") = "ShopUnitOfWork", "ShopUnitOfWork\ShopUnitOfWork.csproj", "{10BBC3C4-1F6F-4391-9E9A-0CACCD7FDE4E}"
EndProject
Project("{FAE04EC0-301F-11D3-BF4B-00C04F79EFBC}") = "PhoneBook", "PhoneBook\PhoneBook.csproj", "{8A6EE4BC-7968-443A-90A2-D3568860A61F}"
EndProject
Global
	GlobalSection(SolutionConfigurationPlatforms) = preSolution
		Debug|Any CPU = Debug|Any CPU
		Release|Any CPU = Release|Any CPU
	EndGlobalSection
	GlobalSection(ProjectConfigurationPlatforms) = postSolution
		{DC694E2B-A0F2-4EBA-AC2B-449ADAD7F034}.Debug|Any CPU.ActiveCfg = Debug|Any CPU
		{DC694E2B-A0F2-4EBA-AC2B-449ADAD7F034}.Debug|Any CPU.Build.0 = Debug|Any CPU
		{DC694E2B-A0F2-4EBA-AC2B-449ADAD7F034}.Release|Any CPU.ActiveCfg = Release|Any CPU
		{DC694E2B-A0F2-4EBA-AC2B-449ADAD7F034}.Release|Any CPU.Build.0 = Release|Any CPU
		{93CC0E83-EC53-4764-B375-2ADC9EDAA890}.Debug|Any CPU.ActiveCfg = Debug|Any CPU
		{93CC0E83-EC53-4764-B375-2ADC9EDAA890}.Debug|Any CPU.Build.0 = Debug|Any CPU
		{93CC0E83-EC53-4764-B375-2ADC9EDAA890}.Release|Any CPU.ActiveCfg = Release|Any CPU
		{93CC0E83-EC53-4764-B375-2ADC9EDAA890}.Release|Any CPU.Build.0 = Release|Any CPU
		{D0AFB82E-8358-4C83-908B-4EDD8B501D92}.Debug|Any CPU.ActiveCfg = Debug|Any CPU
		{D0AFB82E-8358-4C83-908B-4EDD8B501D92}.Debug|Any CPU.Build.0 = Debug|Any CPU
		{D0AFB82E-8358-4C83-908B-4EDD8B501D92}.Release|Any CPU.ActiveCfg = Release|Any CPU
		{D0AFB82E-8358-4C83-908B-4EDD8B501D92}.Release|Any CPU.Build.0 = Release|Any CPU
		{72F49821-3FD1-4BF6-8E40-1F9AF349E894}.Debug|Any CPU.ActiveCfg = Debug|Any CPU
		{72F49821-3FD1-4BF6-8E40-1F9AF349E894}.Debug|Any CPU.Build.0 = Debug|Any CPU
		{72F49821-3FD1-4BF6-8E40-1F9AF349E894}.Release|Any CPU.ActiveCfg = Release|Any CPU
		{72F49821-3FD1-4BF6-8E40-1F9AF349E894}.Release|Any CPU.Build.0 = Release|Any CPU
		{A81ACE63-918B-4FB0-83EF-5775BE4F4ADC}.Debug|Any CPU.ActiveCfg = Debug|Any CPU
		{A81ACE63-918B-4FB0-83EF-5775BE4F4ADC}.Debug|Any CPU.Build.0 = Debug|Any CPU
		{A81ACE63-918B-4FB0-83EF-5775BE4F4ADC}.Release|Any CPU.ActiveCfg = Release|Any CPU
		{A81ACE63-918B-4FB0-83EF-5775BE4F4ADC}.Release|Any CPU.Build.0 = Release|Any CPU
		{DA26DA31-2D00-460D-94A2-3C5788DA147A}.Debug|Any CPU.ActiveCfg = Debug|Any CPU
		{DA26DA31-2D00-460D-94A2-3C5788DA147A}.Debug|Any CPU.Build.0 = Debug|Any CPU
		{DA26DA31-2D00-460D-94A2-3C5788DA147A}.Release|Any CPU.ActiveCfg = Release|Any CPU
		{DA26DA31-2D00-460D-94A2-3C5788DA147A}.Release|Any CPU.Build.0 = Release|Any CPU
		{2062E966-39EF-49F6-BAF8-ACB6243C72F2}.Debug|Any CPU.ActiveCfg = Debug|Any CPU
		{2062E966-39EF-49F6-BAF8-ACB6243C72F2}.Debug|Any CPU.Build.0 = Debug|Any CPU
		{2062E966-39EF-49F6-BAF8-ACB6243C72F2}.Release|Any CPU.ActiveCfg = Release|Any CPU
		{2062E966-39EF-49F6-BAF8-ACB6243C72F2}.Release|Any CPU.Build.0 = Release|Any CPU
		{516FB52B-2D09-40E7-A45A-2C8705DB8784}.Debug|Any CPU.ActiveCfg = Debug|Any CPU
		{516FB52B-2D09-40E7-A45A-2C8705DB8784}.Debug|Any CPU.Build.0 = Debug|Any CPU
		{516FB52B-2D09-40E7-A45A-2C8705DB8784}.Release|Any CPU.ActiveCfg = Release|Any CPU
		{516FB52B-2D09-40E7-A45A-2C8705DB8784}.Release|Any CPU.Build.0 = Release|Any CPU
		{773DDD80-C82E-41DA-901E-4E702E948F51}.Debug|Any CPU.ActiveCfg = Debug|Any CPU
		{773DDD80-C82E-41DA-901E-4E702E948F51}.Debug|Any CPU.Build.0 = Debug|Any CPU
		{773DDD80-C82E-41DA-901E-4E702E948F51}.Release|Any CPU.ActiveCfg = Release|Any CPU
		{773DDD80-C82E-41DA-901E-4E702E948F51}.Release|Any CPU.Build.0 = Release|Any CPU
		{45842CD6-2733-4F6A-896F-937F12403EA5}.Debug|Any CPU.ActiveCfg = Debug|Any CPU
		{45842CD6-2733-4F6A-896F-937F12403EA5}.Debug|Any CPU.Build.0 = Debug|Any CPU
		{45842CD6-2733-4F6A-896F-937F12403EA5}.Release|Any CPU.ActiveCfg = Release|Any CPU
		{45842CD6-2733-4F6A-896F-937F12403EA5}.Release|Any CPU.Build.0 = Release|Any CPU
		{10BBC3C4-1F6F-4391-9E9A-0CACCD7FDE4E}.Debug|Any CPU.ActiveCfg = Debug|Any CPU
		{10BBC3C4-1F6F-4391-9E9A-0CACCD7FDE4E}.Debug|Any CPU.Build.0 = Debug|Any CPU
		{10BBC3C4-1F6F-4391-9E9A-0CACCD7FDE4E}.Release|Any CPU.ActiveCfg = Release|Any CPU
		{10BBC3C4-1F6F-4391-9E9A-0CACCD7FDE4E}.Release|Any CPU.Build.0 = Release|Any CPU
		{8A6EE4BC-7968-443A-90A2-D3568860A61F}.Debug|Any CPU.ActiveCfg = Debug|Any CPU
		{8A6EE4BC-7968-443A-90A2-D3568860A61F}.Debug|Any CPU.Build.0 = Debug|Any CPU
		{8A6EE4BC-7968-443A-90A2-D3568860A61F}.Release|Any CPU.ActiveCfg = Release|Any CPU
		{8A6EE4BC-7968-443A-90A2-D3568860A61F}.Release|Any CPU.Build.0 = Release|Any CPU
	EndGlobalSection
	GlobalSection(SolutionProperties) = preSolution
		HideSolutionNode = FALSE
	EndGlobalSection
	GlobalSection(NestedProjects) = preSolution
		{D0AFB82E-8358-4C83-908B-4EDD8B501D92} = {E91F6CFD-8FA0-4D20-BB84-C859B0EB3B40}
		{72F49821-3FD1-4BF6-8E40-1F9AF349E894} = {E91F6CFD-8FA0-4D20-BB84-C859B0EB3B40}
		{773DDD80-C82E-41DA-901E-4E702E948F51} = {E131FECB-BDA9-44C4-A00D-6EEE473EBC36}
		{45842CD6-2733-4F6A-896F-937F12403EA5} = {E131FECB-BDA9-44C4-A00D-6EEE473EBC36}
	EndGlobalSection
	GlobalSection(ExtensibilityGlobals) = postSolution
		SolutionGuid = {F8576EA8-7CE5-492A-B311-56BA3C6EB19F}
	EndGlobalSection
EndGlobal
